
Microsoft Visual Studio Solution File, Format Version 12.00
# Visual Studio Version 17
VisualStudioVersion = 17.8.34330.188
MinimumVisualStudioVersion = 10.0.40219.1
Project("{FAE04EC0-301F-11D3-BF4B-00C04F79EFBC}") = "Modelo", "Modelo\Modelo.csproj", "{A2F965EF-32D8-4D34-9AE1-14FCE496DC70}"
EndProject
Project("{FAE04EC0-301F-11D3-BF4B-00C04F79EFBC}") = "Controladores", "Controladores\Controladores.csproj", "{3A428998-F7C6-4735-801B-AB72DBD73DBE}"
	ProjectSection(ProjectDependencies) = postProject
		{A2F965EF-32D8-4D34-9AE1-14FCE496DC70} = {A2F965EF-32D8-4D34-9AE1-14FCE496DC70}
	EndProjectSection
EndProject
Project("{FAE04EC0-301F-11D3-BF4B-00C04F79EFBC}") = "Vista", "Vista\Vista.csproj", "{3E277B11-A4C7-49C9-BD8D-F3CB1FB13498}"
	ProjectSection(ProjectDependencies) = postProject
		{3A428998-F7C6-4735-801B-AB72DBD73DBE} = {3A428998-F7C6-4735-801B-AB72DBD73DBE}
	EndProjectSection
EndProject
Global
	GlobalSection(SolutionConfigurationPlatforms) = preSolution
		Debug|Any CPU = Debug|Any CPU
		Release|Any CPU = Release|Any CPU
	EndGlobalSection
	GlobalSection(ProjectConfigurationPlatforms) = postSolution
		{A2F965EF-32D8-4D34-9AE1-14FCE496DC70}.Debug|Any CPU.ActiveCfg = Debug|Any CPU
		{A2F965EF-32D8-4D34-9AE1-14FCE496DC70}.Debug|Any CPU.Build.0 = Debug|Any CPU
		{A2F965EF-32D8-4D34-9AE1-14FCE496DC70}.Release|Any CPU.ActiveCfg = Release|Any CPU
		{A2F965EF-32D8-4D34-9AE1-14FCE496DC70}.Release|Any CPU.Build.0 = Release|Any CPU
		{3A428998-F7C6-4735-801B-AB72DBD73DBE}.Debug|Any CPU.ActiveCfg = Debug|Any CPU
		{3A428998-F7C6-4735-801B-AB72DBD73DBE}.Debug|Any CPU.Build.0 = Debug|Any CPU
		{3A428998-F7C6-4735-801B-AB72DBD73DBE}.Release|Any CPU.ActiveCfg = Release|Any CPU
		{3A428998-F7C6-4735-801B-AB72DBD73DBE}.Release|Any CPU.Build.0 = Release|Any CPU
		{3E277B11-A4C7-49C9-BD8D-F3CB1FB13498}.Debug|Any CPU.ActiveCfg = Debug|Any CPU
		{3E277B11-A4C7-49C9-BD8D-F3CB1FB13498}.Debug|Any CPU.Build.0 = Debug|Any CPU
		{3E277B11-A4C7-49C9-BD8D-F3CB1FB13498}.Release|Any CPU.ActiveCfg = Release|Any CPU
		{3E277B11-A4C7-49C9-BD8D-F3CB1FB13498}.Release|Any CPU.Build.0 = Release|Any CPU
	EndGlobalSection
	GlobalSection(SolutionProperties) = preSolution
		HideSolutionNode = FALSE
	EndGlobalSection
	GlobalSection(ExtensibilityGlobals) = postSolution
		SolutionGuid = {5E1F8E40-4433-45C9-9E34-E9A367F29775}
	EndGlobalSection
EndGlobal
